
Microsoft Visual Studio Solution File, Format Version 12.00
# Visual Studio 15
VisualStudioVersion = 15.0.28307.438
MinimumVisualStudioVersion = 10.0.40219.1
Project("{E24C65DC-7377-472B-9ABA-BC803B73C61A}") = "ASP.NET.MVC.Workshop1", "ASP.NET.MVC.Workshop1\", "{FBBE0E1D-687D-4E47-9A15-587FAC6096F0}"
	ProjectSection(WebsiteProperties) = preProject
		TargetFrameworkMoniker = ".NETFramework,Version%3Dv4.6.1"
		Debug.AspNetCompiler.VirtualPath = "/localhost_56330"
		Debug.AspNetCompiler.PhysicalPath = "ASP.NET.MVC.Workshop1\"
		Debug.AspNetCompiler.TargetPath = "PrecompiledWeb\localhost_56330\"
		Debug.AspNetCompiler.Updateable = "true"
		Debug.AspNetCompiler.ForceOverwrite = "true"
		Debug.AspNetCompiler.FixedNames = "false"
		Debug.AspNetCompiler.Debug = "True"
		Release.AspNetCompiler.VirtualPath = "/localhost_56330"
		Release.AspNetCompiler.PhysicalPath = "ASP.NET.MVC.Workshop1\"
		Release.AspNetCompiler.TargetPath = "PrecompiledWeb\localhost_56330\"
		Release.AspNetCompiler.Updateable = "true"
		Release.AspNetCompiler.ForceOverwrite = "true"
		Release.AspNetCompiler.FixedNames = "false"
		Release.AspNetCompiler.Debug = "False"
		VWDPort = "56330"
		SlnRelativePath = "ASP.NET.MVC.Workshop1\"
		DefaultWebSiteLanguage = "Visual C#"
	EndProjectSection
EndProject
Global
	GlobalSection(SolutionConfigurationPlatforms) = preSolution
		Debug|Any CPU = Debug|Any CPU
	EndGlobalSection
	GlobalSection(ProjectConfigurationPlatforms) = postSolution
		{FBBE0E1D-687D-4E47-9A15-587FAC6096F0}.Debug|Any CPU.ActiveCfg = Debug|Any CPU
		{FBBE0E1D-687D-4E47-9A15-587FAC6096F0}.Debug|Any CPU.Build.0 = Debug|Any CPU
	EndGlobalSection
	GlobalSection(SolutionProperties) = preSolution
		HideSolutionNode = FALSE
	EndGlobalSection
	GlobalSection(ExtensibilityGlobals) = postSolution
		SolutionGuid = {5B840440-611F-416D-B85D-247375F7A493}
	EndGlobalSection
EndGlobal
